// !$*UTF8*$!
{
	archiveVersion = 1;
	classes = {
	};
	objectVersion = 46;
	objects = {

/* Begin PBXBuildFile section */
		740196201CCEA184008CE298 /* AppDelegate.swift in Sources */ = {isa = PBXBuildFile; fileRef = 7401961F1CCEA184008CE298 /* AppDelegate.swift */; };
		740196221CCEA184008CE298 /* ViewController.swift in Sources */ = {isa = PBXBuildFile; fileRef = 740196211CCEA184008CE298 /* ViewController.swift */; };
		740196271CCEA184008CE298 /* Assets.xcassets in Resources */ = {isa = PBXBuildFile; fileRef = 740196261CCEA184008CE298 /* Assets.xcassets */; };
		740196321CCEA40A008CE298 /* BLE.swift in Sources */ = {isa = PBXBuildFile; fileRef = 740196311CCEA40A008CE298 /* BLE.swift */; };
		740196341CCEA43A008CE298 /* CarController.swift in Sources */ = {isa = PBXBuildFile; fileRef = 740196331CCEA43A008CE298 /* CarController.swift */; };
		740196361CCEA43F008CE298 /* PeripheralTableViewController.swift in Sources */ = {isa = PBXBuildFile; fileRef = 740196351CCEA43F008CE298 /* PeripheralTableViewController.swift */; };
		740196381CCEA481008CE298 /* Main.storyboard in Resources */ = {isa = PBXBuildFile; fileRef = 740196371CCEA481008CE298 /* Main.storyboard */; };
		7401963A1CCEA485008CE298 /* LaunchScreen.storyboard in Resources */ = {isa = PBXBuildFile; fileRef = 740196391CCEA485008CE298 /* LaunchScreen.storyboard */; };
/* End PBXBuildFile section */

/* Begin PBXFileReference section */
		7401961C1CCEA184008CE298 /* remote-car.app */ = {isa = PBXFileReference; explicitFileType = wrapper.application; includeInIndex = 0; path = "remote-car.app"; sourceTree = BUILT_PRODUCTS_DIR; };
		7401961F1CCEA184008CE298 /* AppDelegate.swift */ = {isa = PBXFileReference; lastKnownFileType = sourcecode.swift; path = AppDelegate.swift; sourceTree = "<group>"; };
		740196211CCEA184008CE298 /* ViewController.swift */ = {isa = PBXFileReference; lastKnownFileType = sourcecode.swift; path = ViewController.swift; sourceTree = "<group>"; };
		740196261CCEA184008CE298 /* Assets.xcassets */ = {isa = PBXFileReference; lastKnownFileType = folder.assetcatalog; path = Assets.xcassets; sourceTree = "<group>"; };
		7401962B1CCEA184008CE298 /* Info.plist */ = {isa = PBXFileReference; lastKnownFileType = text.plist.xml; path = Info.plist; sourceTree = "<group>"; };
		740196311CCEA40A008CE298 /* BLE.swift */ = {isa = PBXFileReference; fileEncoding = 4; lastKnownFileType = sourcecode.swift; path = BLE.swift; sourceTree = "<group>"; };
		740196331CCEA43A008CE298 /* CarController.swift */ = {isa = PBXFileReference; fileEncoding = 4; lastKnownFileType = sourcecode.swift; path = CarController.swift; sourceTree = "<group>"; };
		740196351CCEA43F008CE298 /* PeripheralTableViewController.swift */ = {isa = PBXFileReference; fileEncoding = 4; lastKnownFileType = sourcecode.swift; path = PeripheralTableViewController.swift; sourceTree = "<group>"; };
		740196371CCEA481008CE298 /* Main.storyboard */ = {isa = PBXFileReference; fileEncoding = 4; lastKnownFileType = file.storyboard; path = Main.storyboard; sourceTree = "<group>"; };
		740196391CCEA485008CE298 /* LaunchScreen.storyboard */ = {isa = PBXFileReference; fileEncoding = 4; lastKnownFileType = file.storyboard; path = LaunchScreen.storyboard; sourceTree = "<group>"; };
/* End PBXFileReference section */

/* Begin PBXFrameworksBuildPhase section */
		740196191CCEA184008CE298 /* Frameworks */ = {
			isa = PBXFrameworksBuildPhase;
			buildActionMask = 2147483647;
			files = (
			);
			runOnlyForDeploymentPostprocessing = 0;
		};
/* End PBXFrameworksBuildPhase section */

/* Begin PBXGroup section */
		740196131CCEA184008CE298 = {
			isa = PBXGroup;
			children = (
				7401961E1CCEA184008CE298 /* remote-car */,
				7401961D1CCEA184008CE298 /* Products */,
			);
			sourceTree = "<group>";
		};
		7401961D1CCEA184008CE298 /* Products */ = {
			isa = PBXGroup;
			children = (
				7401961C1CCEA184008CE298 /* remote-car.app */,
			);
			name = Products;
			sourceTree = "<group>";
		};
		7401961E1CCEA184008CE298 /* remote-car */ = {
			isa = PBXGroup;
			children = (
				7401961F1CCEA184008CE298 /* AppDelegate.swift */,
				740196311CCEA40A008CE298 /* BLE.swift */,
				740196331CCEA43A008CE298 /* CarController.swift */,
				740196351CCEA43F008CE298 /* PeripheralTableViewController.swift */,
				740196211CCEA184008CE298 /* ViewController.swift */,
				740196261CCEA184008CE298 /* Assets.xcassets */,
				740196391CCEA485008CE298 /* LaunchScreen.storyboard */,
				740196371CCEA481008CE298 /* Main.storyboard */,
				7401962B1CCEA184008CE298 /* Info.plist */,
			);
			path = "remote-car";
			sourceTree = "<group>";
		};
/* End PBXGroup section */

/* Begin PBXNativeTarget section */
		7401961B1CCEA184008CE298 /* remote-car */ = {
			isa = PBXNativeTarget;
			buildConfigurationList = 7401962E1CCEA184008CE298 /* Build configuration list for PBXNativeTarget "remote-car" */;
			buildPhases = (
				740196181CCEA184008CE298 /* Sources */,
				740196191CCEA184008CE298 /* Frameworks */,
				7401961A1CCEA184008CE298 /* Resources */,
			);
			buildRules = (
			);
			dependencies = (
			);
			name = "remote-car";
			productName = "remote-car";
			productReference = 7401961C1CCEA184008CE298 /* remote-car.app */;
			productType = "com.apple.product-type.application";
		};
/* End PBXNativeTarget section */

/* Begin PBXProject section */
		740196141CCEA184008CE298 /* Project object */ = {
			isa = PBXProject;
			attributes = {
				LastSwiftUpdateCheck = 0730;
				LastUpgradeCheck = 0730;
				ORGANIZATIONNAME = "Wiktor Wiejak";
				TargetAttributes = {
					7401961B1CCEA184008CE298 = {
						CreatedOnToolsVersion = 7.3;
						DevelopmentTeam = 72R94XVR97;
					};
				};
			};
			buildConfigurationList = 740196171CCEA184008CE298 /* Build configuration list for PBXProject "remote-car" */;
			compatibilityVersion = "Xcode 3.2";
			developmentRegion = English;
			hasScannedForEncodings = 0;
			knownRegions = (
				en,
				Base,
			);
			mainGroup = 740196131CCEA184008CE298;
			productRefGroup = 7401961D1CCEA184008CE298 /* Products */;
			projectDirPath = "";
			projectRoot = "";
			targets = (
				7401961B1CCEA184008CE298 /* remote-car */,
			);
		};
/* End PBXProject section */

/* Begin PBXResourcesBuildPhase section */
		7401961A1CCEA184008CE298 /* Resources */ = {
			isa = PBXResourcesBuildPhase;
			buildActionMask = 2147483647;
			files = (
				7401963A1CCEA485008CE298 /* LaunchScreen.storyboard in Resources */,
				740196271CCEA184008CE298 /* Assets.xcassets in Resources */,
				740196381CCEA481008CE298 /* Main.storyboard in Resources */,
			);
			runOnlyForDeploymentPostprocessing = 0;
		};
/* End PBXResourcesBuildPhase section */

/* Begin PBXSourcesBuildPhase section */
		740196181CCEA184008CE298 /* Sources */ = {
			isa = PBXSourcesBuildPhase;
			buildActionMask = 2147483647;
			files = (
				740196341CCEA43A008CE298 /* CarController.swift in Sources */,
				740196361CCEA43F008CE298 /* PeripheralTableViewController.swift in Sources */,
				740196221CCEA184008CE298 /* ViewController.swift in Sources */,
				740196321CCEA40A008CE298 /* BLE.swift in Sources */,
				740196201CCEA184008CE298 /* AppDelegate.swift in Sources */,
			);
			runOnlyForDeploymentPostprocessing = 0;
		};
/* End PBXSourcesBuildPhase section */

/* Begin XCBuildConfiguration section */
		7401962C1CCEA184008CE298 /* Debug */ = {
			isa = XCBuildConfiguration;
			buildSettings = {
				ALWAYS_SEARCH_USER_PATHS = NO;
				CLANG_ANALYZER_NONNULL = YES;
				CLANG_CXX_LANGUAGE_STANDARD = "gnu++0x";
				CLANG_CXX_LIBRARY = "libc++";
				CLANG_ENABLE_MODULES = YES;
				CLANG_ENABLE_OBJC_ARC = YES;
				CLANG_WARN_BOOL_CONVERSION = YES;
				CLANG_WARN_CONSTANT_CONVERSION = YES;
				CLANG_WARN_DIRECT_OBJC_ISA_USAGE = YES_ERROR;
				CLANG_WARN_EMPTY_BODY = YES;
				CLANG_WARN_ENUM_CONVERSION = YES;
				CLANG_WARN_INT_CONVERSION = YES;
				CLANG_WARN_OBJC_ROOT_CLASS = YES_ERROR;
				CLANG_WARN_UNREACHABLE_CODE = YES;
				CLANG_WARN__DUPLICATE_METHOD_MATCH = YES;
				"CODE_SIGN_IDENTITY[sdk=iphoneos*]" = "iPhone Developer";
				COPY_PHASE_STRIP = NO;
				DEBUG_INFORMATION_FORMAT = dwarf;
				ENABLE_STRICT_OBJC_MSGSEND = YES;
				ENABLE_TESTABILITY = YES;
				GCC_C_LANGUAGE_STANDARD = gnu99;
				GCC_DYNAMIC_NO_PIC = NO;
				GCC_NO_COMMON_BLOCKS = YES;
				GCC_OPTIMIZATION_LEVEL = 0;
				GCC_PREPROCESSOR_DEFINITIONS = (
					"DEBUG=1",
					"$(inherited)",
				);
				GCC_WARN_64_TO_32_BIT_CONVERSION = YES;
				GCC_WARN_ABOUT_RETURN_TYPE = YES_ERROR;
				GCC_WARN_UNDECLARED_SELECTOR = YES;
				GCC_WARN_UNINITIALIZED_AUTOS = YES_AGGRESSIVE;
				GCC_WARN_UNUSED_FUNCTION = YES;
				GCC_WARN_UNUSED_VARIABLE = YES;
				IPHONEOS_DEPLOYMENT_TARGET = 9.3;
				MTL_ENABLE_DEBUG_INFO = YES;
				ONLY_ACTIVE_ARCH = YES;
				SDKROOT = iphoneos;
				SWIFT_OPTIMIZATION_LEVEL = "-Onone";
				TARGETED_DEVICE_FAMILY = "1,2";
			};
			name = Debug;
		};
		7401962D1CCEA184008CE298 /* Release */ = {
			isa = XCBuildConfiguration;
			buildSettings = {
				ALWAYS_SEARCH_USER_PATHS = NO;
				CLANG_ANALYZER_NONNULL = YES;
				CLANG_CXX_LANGUAGE_STANDARD = "gnu++0x";
				CLANG_CXX_LIBRARY = "libc++";
				CLANG_ENABLE_MODULES = YES;
				CLANG_ENABLE_OBJC_ARC = YES;
				CLANG_WARN_BOOL_CONVERSION = YES;
				CLANG_WARN_CONSTANT_CONVERSION = YES;
				CLANG_WARN_DIRECT_OBJC_ISA_USAGE = YES_ERROR;
				CLANG_WARN_EMPTY_BODY = YES;
				CLANG_WARN_ENUM_CONVERSION = YES;
				CLANG_WARN_INT_CONVERSION = YES;
				CLANG_WARN_OBJC_ROOT_CLASS = YES_ERROR;
				CLANG_WARN_UNREACHABLE_CODE = YES;
				CLANG_WARN__DUPLICATE_METHOD_MATCH = YES;
				"CODE_SIGN_IDENTITY[sdk=iphoneos*]" = "iPhone Developer";
				COPY_PHASE_STRIP = NO;
				DEBUG_INFORMATION_FORMAT = "dwarf-with-dsym";
				ENABLE_NS_ASSERTIONS = NO;
				ENABLE_STRICT_OBJC_MSGSEND = YES;
				GCC_C_LANGUAGE_STANDARD = gnu99;
				GCC_NO_COMMON_BLOCKS = YES;
				GCC_WARN_64_TO_32_BIT_CONVERSION = YES;
				GCC_WARN_ABOUT_RETURN_TYPE = YES_ERROR;
				GCC_WARN_UNDECLARED_SELECTOR = YES;
				GCC_WARN_UNINITIALIZED_AUTOS = YES_AGGRESSIVE;
				GCC_WARN_UNUSED_FUNCTION = YES;
				GCC_WARN_UNUSED_VARIABLE = YES;
				IPHONEOS_DEPLOYMENT_TARGET = 9.3;
				MTL_ENABLE_DEBUG_INFO = NO;
				SDKROOT = iphoneos;
				TARGETED_DEVICE_FAMILY = "1,2";
				VALIDATE_PRODUCT = YES;
			};
			name = Release;
		};
		7401962F1CCEA184008CE298 /* Debug */ = {
			isa = XCBuildConfiguration;
			buildSettings = {
				ASSETCATALOG_COMPILER_APPICON_NAME = AppIcon;
				INFOPLIST_FILE = "remote-car/Info.plist";
				LD_RUNPATH_SEARCH_PATHS = "$(inherited) @executable_path/Frameworks";
				PRODUCT_BUNDLE_IDENTIFIER = "com.wiktor.remote-car";
				PRODUCT_NAME = "$(TARGET_NAME)";
			};
			name = Debug;
		};
		740196301CCEA184008CE298 /* Release */ = {
			isa = XCBuildConfiguration;
			buildSettings = {
				ASSETCATALOG_COMPILER_APPICON_NAME = AppIcon;
				INFOPLIST_FILE = "remote-car/Info.plist";
				LD_RUNPATH_SEARCH_PATHS = "$(inherited) @executable_path/Frameworks";
				PRODUCT_BUNDLE_IDENTIFIER = "com.wiktor.remote-car";
				PRODUCT_NAME = "$(TARGET_NAME)";
			};
			name = Release;
		};
/* End XCBuildConfiguration section */

/* Begin XCConfigurationList section */
		740196171CCEA184008CE298 /* Build configuration list for PBXProject "remote-car" */ = {
			isa = XCConfigurationList;
			buildConfigurations = (
				7401962C1CCEA184008CE298 /* Debug */,
				7401962D1CCEA184008CE298 /* Release */,
			);
			defaultConfigurationIsVisible = 0;
			defaultConfigurationName = Release;
		};
		7401962E1CCEA184008CE298 /* Build configuration list for PBXNativeTarget "remote-car" */ = {
			isa = XCConfigurationList;
			buildConfigurations = (
				7401962F1CCEA184008CE298 /* Debug */,
				740196301CCEA184008CE298 /* Release */,
			);
			defaultConfigurationIsVisible = 0;
			defaultConfigurationName = Release;
		};
/* End XCConfigurationList section */
	};
	rootObject = 740196141CCEA184008CE298 /* Project object */;
}
